
Microsoft Visual Studio Solution File, Format Version 12.00
# Visual Studio Version 17
VisualStudioVersion = 17.12.35527.113
MinimumVisualStudioVersion = 10.0.40219.1
Project("{FAE04EC0-301F-11D3-BF4B-00C04F79EFBC}") = "HealthConnect.Api", "HealthConnect.Api\HealthConnect.Api.csproj", "{C141278E-2FAC-4137-83C9-FBC9701DCA79}"
EndProject
Project("{FAE04EC0-301F-11D3-BF4B-00C04F79EFBC}") = "HealthConnect.Domain", "HealthConnect.Domain\HealthConnect.Domain.csproj", "{7D15FAE6-77CF-4FF0-B919-3001511F3CC6}"
EndProject
Project("{FAE04EC0-301F-11D3-BF4B-00C04F79EFBC}") = "HealthConnect.Application", "HealthConnect.Application\HealthConnect.Application.csproj", "{7FE49BD2-5090-40E5-9210-AC974F70DB8A}"
EndProject
Project("{FAE04EC0-301F-11D3-BF4B-00C04F79EFBC}") = "HealthConnect.Infrastructure", "HealthConnect.Infrastructure\HealthConnect.Infrastructure.csproj", "{45C7B3F0-5F54-4C43-B0CD-16FC6A023F4E}"
	ProjectSection(ProjectDependencies) = postProject
		{7D15FAE6-77CF-4FF0-B919-3001511F3CC6} = {7D15FAE6-77CF-4FF0-B919-3001511F3CC6}
		{7FE49BD2-5090-40E5-9210-AC974F70DB8A} = {7FE49BD2-5090-40E5-9210-AC974F70DB8A}
	EndProjectSection
EndProject
Project("{2150E333-8FDC-42A3-9474-1A3956D46DE8}") = "Solution Items", "Solution Items", "{1E42EB4F-9CCC-440E-978A-0F737B1C0FE3}"
	ProjectSection(SolutionItems) = preProject
		coverage.runsettings = coverage.runsettings
		docker-compose.yml = docker-compose.yml
	EndProjectSection
EndProject
Project("{FAE04EC0-301F-11D3-BF4B-00C04F79EFBC}") = "HealthConnect.Application.Tests", "HealthConnect.Application.Tests\HealthConnect.Application.Tests.csproj", "{EDA3183B-2CE6-4A63-B073-A2348929C3EE}"
EndProject
Project("{FAE04EC0-301F-11D3-BF4B-00C04F79EFBC}") = "HealthConnect.Infrastructure.Tests", "HealthConnect.Infrastructure.Tests\HealthConnect.Infrastructure.Tests.csproj", "{B5810227-2DF6-4C8B-8D21-9DA8C7CD07EA}"
EndProject
Global
	GlobalSection(SolutionConfigurationPlatforms) = preSolution
		Debug|Any CPU = Debug|Any CPU
		Debug|x64 = Debug|x64
		Debug|x86 = Debug|x86
		Release|Any CPU = Release|Any CPU
		Release|x64 = Release|x64
		Release|x86 = Release|x86
	EndGlobalSection
	GlobalSection(ProjectConfigurationPlatforms) = postSolution
		{C141278E-2FAC-4137-83C9-FBC9701DCA79}.Debug|Any CPU.ActiveCfg = Debug|Any CPU
		{C141278E-2FAC-4137-83C9-FBC9701DCA79}.Debug|Any CPU.Build.0 = Debug|Any CPU
		{C141278E-2FAC-4137-83C9-FBC9701DCA79}.Debug|x64.ActiveCfg = Debug|Any CPU
		{C141278E-2FAC-4137-83C9-FBC9701DCA79}.Debug|x64.Build.0 = Debug|Any CPU
		{C141278E-2FAC-4137-83C9-FBC9701DCA79}.Debug|x86.ActiveCfg = Debug|Any CPU
		{C141278E-2FAC-4137-83C9-FBC9701DCA79}.Debug|x86.Build.0 = Debug|Any CPU
		{C141278E-2FAC-4137-83C9-FBC9701DCA79}.Release|Any CPU.ActiveCfg = Release|Any CPU
		{C141278E-2FAC-4137-83C9-FBC9701DCA79}.Release|Any CPU.Build.0 = Release|Any CPU
		{C141278E-2FAC-4137-83C9-FBC9701DCA79}.Release|x64.ActiveCfg = Release|Any CPU
		{C141278E-2FAC-4137-83C9-FBC9701DCA79}.Release|x64.Build.0 = Release|Any CPU
		{C141278E-2FAC-4137-83C9-FBC9701DCA79}.Release|x86.ActiveCfg = Release|Any CPU
		{C141278E-2FAC-4137-83C9-FBC9701DCA79}.Release|x86.Build.0 = Release|Any CPU
		{7D15FAE6-77CF-4FF0-B919-3001511F3CC6}.Debug|Any CPU.ActiveCfg = Debug|Any CPU
		{7D15FAE6-77CF-4FF0-B919-3001511F3CC6}.Debug|Any CPU.Build.0 = Debug|Any CPU
		{7D15FAE6-77CF-4FF0-B919-3001511F3CC6}.Debug|x64.ActiveCfg = Debug|Any CPU
		{7D15FAE6-77CF-4FF0-B919-3001511F3CC6}.Debug|x64.Build.0 = Debug|Any CPU
		{7D15FAE6-77CF-4FF0-B919-3001511F3CC6}.Debug|x86.ActiveCfg = Debug|Any CPU
		{7D15FAE6-77CF-4FF0-B919-3001511F3CC6}.Debug|x86.Build.0 = Debug|Any CPU
		{7D15FAE6-77CF-4FF0-B919-3001511F3CC6}.Release|Any CPU.ActiveCfg = Release|Any CPU
		{7D15FAE6-77CF-4FF0-B919-3001511F3CC6}.Release|Any CPU.Build.0 = Release|Any CPU
		{7D15FAE6-77CF-4FF0-B919-3001511F3CC6}.Release|x64.ActiveCfg = Release|Any CPU
		{7D15FAE6-77CF-4FF0-B919-3001511F3CC6}.Release|x64.Build.0 = Release|Any CPU
		{7D15FAE6-77CF-4FF0-B919-3001511F3CC6}.Release|x86.ActiveCfg = Release|Any CPU
		{7D15FAE6-77CF-4FF0-B919-3001511F3CC6}.Release|x86.Build.0 = Release|Any CPU
		{7FE49BD2-5090-40E5-9210-AC974F70DB8A}.Debug|Any CPU.ActiveCfg = Debug|Any CPU
		{7FE49BD2-5090-40E5-9210-AC974F70DB8A}.Debug|Any CPU.Build.0 = Debug|Any CPU
		{7FE49BD2-5090-40E5-9210-AC974F70DB8A}.Debug|x64.ActiveCfg = Debug|Any CPU
		{7FE49BD2-5090-40E5-9210-AC974F70DB8A}.Debug|x64.Build.0 = Debug|Any CPU
		{7FE49BD2-5090-40E5-9210-AC974F70DB8A}.Debug|x86.ActiveCfg = Debug|Any CPU
		{7FE49BD2-5090-40E5-9210-AC974F70DB8A}.Debug|x86.Build.0 = Debug|Any CPU
		{7FE49BD2-5090-40E5-9210-AC974F70DB8A}.Release|Any CPU.ActiveCfg = Release|Any CPU
		{7FE49BD2-5090-40E5-9210-AC974F70DB8A}.Release|Any CPU.Build.0 = Release|Any CPU
		{7FE49BD2-5090-40E5-9210-AC974F70DB8A}.Release|x64.ActiveCfg = Release|Any CPU
		{7FE49BD2-5090-40E5-9210-AC974F70DB8A}.Release|x64.Build.0 = Release|Any CPU
		{7FE49BD2-5090-40E5-9210-AC974F70DB8A}.Release|x86.ActiveCfg = Release|Any CPU
		{7FE49BD2-5090-40E5-9210-AC974F70DB8A}.Release|x86.Build.0 = Release|Any CPU
		{45C7B3F0-5F54-4C43-B0CD-16FC6A023F4E}.Debug|Any CPU.ActiveCfg = Debug|Any CPU
		{45C7B3F0-5F54-4C43-B0CD-16FC6A023F4E}.Debug|Any CPU.Build.0 = Debug|Any CPU
		{45C7B3F0-5F54-4C43-B0CD-16FC6A023F4E}.Debug|x64.ActiveCfg = Debug|Any CPU
		{45C7B3F0-5F54-4C43-B0CD-16FC6A023F4E}.Debug|x64.Build.0 = Debug|Any CPU
		{45C7B3F0-5F54-4C43-B0CD-16FC6A023F4E}.Debug|x86.ActiveCfg = Debug|Any CPU
		{45C7B3F0-5F54-4C43-B0CD-16FC6A023F4E}.Debug|x86.Build.0 = Debug|Any CPU
		{45C7B3F0-5F54-4C43-B0CD-16FC6A023F4E}.Release|Any CPU.ActiveCfg = Release|Any CPU
		{45C7B3F0-5F54-4C43-B0CD-16FC6A023F4E}.Release|Any CPU.Build.0 = Release|Any CPU
		{45C7B3F0-5F54-4C43-B0CD-16FC6A023F4E}.Release|x64.ActiveCfg = Release|Any CPU
		{45C7B3F0-5F54-4C43-B0CD-16FC6A023F4E}.Release|x64.Build.0 = Release|Any CPU
		{45C7B3F0-5F54-4C43-B0CD-16FC6A023F4E}.Release|x86.ActiveCfg = Release|Any CPU
		{45C7B3F0-5F54-4C43-B0CD-16FC6A023F4E}.Release|x86.Build.0 = Release|Any CPU
		{EDA3183B-2CE6-4A63-B073-A2348929C3EE}.Debug|Any CPU.ActiveCfg = Debug|Any CPU
		{EDA3183B-2CE6-4A63-B073-A2348929C3EE}.Debug|Any CPU.Build.0 = Debug|Any CPU
		{EDA3183B-2CE6-4A63-B073-A2348929C3EE}.Debug|x64.ActiveCfg = Debug|Any CPU
		{EDA3183B-2CE6-4A63-B073-A2348929C3EE}.Debug|x64.Build.0 = Debug|Any CPU
		{EDA3183B-2CE6-4A63-B073-A2348929C3EE}.Debug|x86.ActiveCfg = Debug|Any CPU
		{EDA3183B-2CE6-4A63-B073-A2348929C3EE}.Debug|x86.Build.0 = Debug|Any CPU
		{EDA3183B-2CE6-4A63-B073-A2348929C3EE}.Release|Any CPU.ActiveCfg = Release|Any CPU
		{EDA3183B-2CE6-4A63-B073-A2348929C3EE}.Release|Any CPU.Build.0 = Release|Any CPU
		{EDA3183B-2CE6-4A63-B073-A2348929C3EE}.Release|x64.ActiveCfg = Release|Any CPU
		{EDA3183B-2CE6-4A63-B073-A2348929C3EE}.Release|x64.Build.0 = Release|Any CPU
		{EDA3183B-2CE6-4A63-B073-A2348929C3EE}.Release|x86.ActiveCfg = Release|Any CPU
		{EDA3183B-2CE6-4A63-B073-A2348929C3EE}.Release|x86.Build.0 = Release|Any CPU
		{B5810227-2DF6-4C8B-8D21-9DA8C7CD07EA}.Debug|Any CPU.ActiveCfg = Debug|Any CPU
		{B5810227-2DF6-4C8B-8D21-9DA8C7CD07EA}.Debug|Any CPU.Build.0 = Debug|Any CPU
		{B5810227-2DF6-4C8B-8D21-9DA8C7CD07EA}.Debug|x64.ActiveCfg = Debug|Any CPU
		{B5810227-2DF6-4C8B-8D21-9DA8C7CD07EA}.Debug|x64.Build.0 = Debug|Any CPU
		{B5810227-2DF6-4C8B-8D21-9DA8C7CD07EA}.Debug|x86.ActiveCfg = Debug|Any CPU
		{B5810227-2DF6-4C8B-8D21-9DA8C7CD07EA}.Debug|x86.Build.0 = Debug|Any CPU
		{B5810227-2DF6-4C8B-8D21-9DA8C7CD07EA}.Release|Any CPU.ActiveCfg = Release|Any CPU
		{B5810227-2DF6-4C8B-8D21-9DA8C7CD07EA}.Release|Any CPU.Build.0 = Release|Any CPU
		{B5810227-2DF6-4C8B-8D21-9DA8C7CD07EA}.Release|x64.ActiveCfg = Release|Any CPU
		{B5810227-2DF6-4C8B-8D21-9DA8C7CD07EA}.Release|x64.Build.0 = Release|Any CPU
		{B5810227-2DF6-4C8B-8D21-9DA8C7CD07EA}.Release|x86.ActiveCfg = Release|Any CPU
		{B5810227-2DF6-4C8B-8D21-9DA8C7CD07EA}.Release|x86.Build.0 = Release|Any CPU
	EndGlobalSection
	GlobalSection(SolutionProperties) = preSolution
		HideSolutionNode = FALSE
	EndGlobalSection
	GlobalSection(ExtensibilityGlobals) = postSolution
		SolutionGuid = {25D4F98A-C22E-41EE-91FE-7BF1FA1618E5}
	EndGlobalSection
EndGlobal
